
Microsoft Visual Studio Solution File, Format Version 12.00
# Visual Studio Version 16
VisualStudioVersion = 16.0.30011.22
MinimumVisualStudioVersion = 10.0.40219.1
Project("{159641D6-6404-4A2A-AE62-294DE0FE8301}") = "keeper", "keeper.dtproj", "{90D06822-D888-48C8-A905-320D24554FF4}"
EndProject
Global
	GlobalSection(SolutionConfigurationPlatforms) = preSolution
		Development|Default = Development|Default
	EndGlobalSection
	GlobalSection(ProjectConfigurationPlatforms) = postSolution
		{90D06822-D888-48C8-A905-320D24554FF4}.Development|Default.ActiveCfg = Development
		{90D06822-D888-48C8-A905-320D24554FF4}.Development|Default.Build.0 = Development
	EndGlobalSection
	GlobalSection(SolutionProperties) = preSolution
		HideSolutionNode = FALSE
	EndGlobalSection
	GlobalSection(ExtensibilityGlobals) = postSolution
		SolutionGuid = {7FD32CD6-9BC4-4265-80E3-F08B16E02EBC}
	EndGlobalSection
EndGlobal
